
Microsoft Visual Studio Solution File, Format Version 12.00
# Visual Studio Version 16
VisualStudioVersion = 16.0.31205.134
MinimumVisualStudioVersion = 10.0.40219.1
Project("{FAE04EC0-301F-11D3-BF4B-00C04F79EFBC}") = "Sbz.WebUI", "Sbz.WebUI\Sbz.WebUI.csproj", "{A54D77B5-6B4D-4987-9EB7-8D7EFFF2CF98}"
EndProject
Global
	GlobalSection(SolutionConfigurationPlatforms) = preSolution
		Debug|Any CPU = Debug|Any CPU
		Release|Any CPU = Release|Any CPU
	EndGlobalSection
	GlobalSection(ProjectConfigurationPlatforms) = postSolution
		{A54D77B5-6B4D-4987-9EB7-8D7EFFF2CF98}.Debug|Any CPU.ActiveCfg = Debug|Any CPU
		{A54D77B5-6B4D-4987-9EB7-8D7EFFF2CF98}.Debug|Any CPU.Build.0 = Debug|Any CPU
		{A54D77B5-6B4D-4987-9EB7-8D7EFFF2CF98}.Release|Any CPU.ActiveCfg = Release|Any CPU
		{A54D77B5-6B4D-4987-9EB7-8D7EFFF2CF98}.Release|Any CPU.Build.0 = Release|Any CPU
	EndGlobalSection
	GlobalSection(SolutionProperties) = preSolution
		HideSolutionNode = FALSE
	EndGlobalSection
	GlobalSection(ExtensibilityGlobals) = postSolution
		SolutionGuid = {BB3FD583-ED38-4DCA-8675-664298FC588F}
	EndGlobalSection
EndGlobal
